// !$*UTF8*$!
{
	archiveVersion = 1;
	classes = {
	};
	objectVersion = 56;
	objects = {

/* Begin PBXBuildFile section */
		C385C9402A8094A8007312AC /* main.swift in Sources */ = {isa = PBXBuildFile; fileRef = C385C93F2A8094A8007312AC /* main.swift */; };
		C385C9472A8094BD007312AC /* Arm64DDC.swift in Sources */ = {isa = PBXBuildFile; fileRef = C385C9462A8094BD007312AC /* Arm64DDC.swift */; };
		C385C94B2A809515007312AC /* CoreDisplay.framework in Frameworks */ = {isa = PBXBuildFile; fileRef = C385C94A2A809515007312AC /* CoreDisplay.framework */; };
		C385C94C2A809515007312AC /* CoreDisplay.framework in Embed Frameworks */ = {isa = PBXBuildFile; fileRef = C385C94A2A809515007312AC /* CoreDisplay.framework */; settings = {ATTRIBUTES = (CodeSignOnCopy, RemoveHeadersOnCopy, ); }; };
		C385C9522A809E66007312AC /* Display.swift in Sources */ = {isa = PBXBuildFile; fileRef = C385C94E2A809E66007312AC /* Display.swift */; };
		C385C9552A809E66007312AC /* DisplayManager.swift in Sources */ = {isa = PBXBuildFile; fileRef = C385C9512A809E66007312AC /* DisplayManager.swift */; };
		C385C95A2A80D34F007312AC /* ArgumentParser in Frameworks */ = {isa = PBXBuildFile; productRef = C385C9592A80D34F007312AC /* ArgumentParser */; };
/* End PBXBuildFile section */

/* Begin PBXCopyFilesBuildPhase section */
		C385C93A2A8094A8007312AC /* CopyFiles */ = {
			isa = PBXCopyFilesBuildPhase;
			buildActionMask = 2147483647;
			dstPath = /usr/share/man/man1/;
			dstSubfolderSpec = 0;
			files = (
			);
			runOnlyForDeploymentPostprocessing = 1;
		};
		C385C94D2A809515007312AC /* Embed Frameworks */ = {
			isa = PBXCopyFilesBuildPhase;
			buildActionMask = 2147483647;
			dstPath = "";
			dstSubfolderSpec = 10;
			files = (
				C385C94C2A809515007312AC /* CoreDisplay.framework in Embed Frameworks */,
			);
			name = "Embed Frameworks";
			runOnlyForDeploymentPostprocessing = 0;
		};
/* End PBXCopyFilesBuildPhase section */

/* Begin PBXFileReference section */
		C385C93C2A8094A8007312AC /* ddccli */ = {isa = PBXFileReference; explicitFileType = "compiled.mach-o.executable"; includeInIndex = 0; path = ddccli; sourceTree = BUILT_PRODUCTS_DIR; };
		C385C93F2A8094A8007312AC /* main.swift */ = {isa = PBXFileReference; lastKnownFileType = sourcecode.swift; path = main.swift; sourceTree = "<group>"; };
		C385C9462A8094BD007312AC /* Arm64DDC.swift */ = {isa = PBXFileReference; lastKnownFileType = sourcecode.swift; path = Arm64DDC.swift; sourceTree = "<group>"; };
		C385C9482A8094D4007312AC /* Bridging-Header.h */ = {isa = PBXFileReference; lastKnownFileType = sourcecode.c.h; path = "Bridging-Header.h"; sourceTree = "<group>"; };
		C385C94A2A809515007312AC /* CoreDisplay.framework */ = {isa = PBXFileReference; lastKnownFileType = wrapper.framework; name = CoreDisplay.framework; path = ../../../../../System/Library/Frameworks/CoreDisplay.framework; sourceTree = "<group>"; };
		C385C94E2A809E66007312AC /* Display.swift */ = {isa = PBXFileReference; fileEncoding = 4; lastKnownFileType = sourcecode.swift; path = Display.swift; sourceTree = "<group>"; };
		C385C9512A809E66007312AC /* DisplayManager.swift */ = {isa = PBXFileReference; fileEncoding = 4; lastKnownFileType = sourcecode.swift; path = DisplayManager.swift; sourceTree = "<group>"; };
/* End PBXFileReference section */

/* Begin PBXFrameworksBuildPhase section */
		C385C9392A8094A8007312AC /* Frameworks */ = {
			isa = PBXFrameworksBuildPhase;
			buildActionMask = 2147483647;
			files = (
				C385C95A2A80D34F007312AC /* ArgumentParser in Frameworks */,
				C385C94B2A809515007312AC /* CoreDisplay.framework in Frameworks */,
			);
			runOnlyForDeploymentPostprocessing = 0;
		};
/* End PBXFrameworksBuildPhase section */

/* Begin PBXGroup section */
		C385C9332A8094A8007312AC = {
			isa = PBXGroup;
			children = (
				C385C93E2A8094A8007312AC /* ddccli */,
				C385C93D2A8094A8007312AC /* Products */,
				C385C9492A809515007312AC /* Frameworks */,
			);
			sourceTree = "<group>";
		};
		C385C93D2A8094A8007312AC /* Products */ = {
			isa = PBXGroup;
			children = (
				C385C93C2A8094A8007312AC /* ddccli */,
			);
			name = Products;
			sourceTree = "<group>";
		};
		C385C93E2A8094A8007312AC /* ddccli */ = {
			isa = PBXGroup;
			children = (
				C385C94E2A809E66007312AC /* Display.swift */,
				C385C9512A809E66007312AC /* DisplayManager.swift */,
				C385C93F2A8094A8007312AC /* main.swift */,
				C385C9462A8094BD007312AC /* Arm64DDC.swift */,
				C385C9482A8094D4007312AC /* Bridging-Header.h */,
			);
			path = ddccli;
			sourceTree = "<group>";
		};
		C385C9492A809515007312AC /* Frameworks */ = {
			isa = PBXGroup;
			children = (
				C385C94A2A809515007312AC /* CoreDisplay.framework */,
			);
			name = Frameworks;
			sourceTree = "<group>";
		};
/* End PBXGroup section */

/* Begin PBXNativeTarget section */
		C385C93B2A8094A8007312AC /* ddccli */ = {
			isa = PBXNativeTarget;
			buildConfigurationList = C385C9432A8094A8007312AC /* Build configuration list for PBXNativeTarget "ddccli" */;
			buildPhases = (
				C385C9382A8094A8007312AC /* Sources */,
				C385C9392A8094A8007312AC /* Frameworks */,
				C385C93A2A8094A8007312AC /* CopyFiles */,
				C385C94D2A809515007312AC /* Embed Frameworks */,
			);
			buildRules = (
			);
			dependencies = (
			);
			name = ddccli;
			packageProductDependencies = (
				C385C9592A80D34F007312AC /* ArgumentParser */,
			);
			productName = ddccli;
			productReference = C385C93C2A8094A8007312AC /* ddccli */;
			productType = "com.apple.product-type.tool";
		};
/* End PBXNativeTarget section */

/* Begin PBXProject section */
		C385C9342A8094A8007312AC /* Project object */ = {
			isa = PBXProject;
			attributes = {
				BuildIndependentTargetsInParallel = 1;
				LastSwiftUpdateCheck = 1430;
				LastUpgradeCheck = 1430;
				TargetAttributes = {
					C385C93B2A8094A8007312AC = {
						CreatedOnToolsVersion = 14.3;
					};
				};
			};
			buildConfigurationList = C385C9372A8094A8007312AC /* Build configuration list for PBXProject "ddccli" */;
			compatibilityVersion = "Xcode 14.0";
			developmentRegion = en;
			hasScannedForEncodings = 0;
			knownRegions = (
				en,
				Base,
			);
			mainGroup = C385C9332A8094A8007312AC;
			packageReferences = (
				C385C9582A80D34F007312AC /* XCRemoteSwiftPackageReference "swift-argument-parser" */,
			);
			productRefGroup = C385C93D2A8094A8007312AC /* Products */;
			projectDirPath = "";
			projectRoot = "";
			targets = (
				C385C93B2A8094A8007312AC /* ddccli */,
			);
		};
/* End PBXProject section */

/* Begin PBXSourcesBuildPhase section */
		C385C9382A8094A8007312AC /* Sources */ = {
			isa = PBXSourcesBuildPhase;
			buildActionMask = 2147483647;
			files = (
				C385C9472A8094BD007312AC /* Arm64DDC.swift in Sources */,
				C385C9522A809E66007312AC /* Display.swift in Sources */,
				C385C9552A809E66007312AC /* DisplayManager.swift in Sources */,
				C385C9402A8094A8007312AC /* main.swift in Sources */,
			);
			runOnlyForDeploymentPostprocessing = 0;
		};
/* End PBXSourcesBuildPhase section */

/* Begin XCBuildConfiguration section */
		C385C9412A8094A8007312AC /* Debug */ = {
			isa = XCBuildConfiguration;
			buildSettings = {
				ALWAYS_SEARCH_USER_PATHS = NO;
				CLANG_ANALYZER_NONNULL = YES;
				CLANG_ANALYZER_NUMBER_OBJECT_CONVERSION = YES_AGGRESSIVE;
				CLANG_CXX_LANGUAGE_STANDARD = "gnu++20";
				CLANG_ENABLE_MODULES = YES;
				CLANG_ENABLE_OBJC_ARC = YES;
				CLANG_ENABLE_OBJC_WEAK = YES;
				CLANG_WARN_BLOCK_CAPTURE_AUTORELEASING = YES;
				CLANG_WARN_BOOL_CONVERSION = YES;
				CLANG_WARN_COMMA = YES;
				CLANG_WARN_CONSTANT_CONVERSION = YES;
				CLANG_WARN_DEPRECATED_OBJC_IMPLEMENTATIONS = YES;
				CLANG_WARN_DIRECT_OBJC_ISA_USAGE = YES_ERROR;
				CLANG_WARN_DOCUMENTATION_COMMENTS = YES;
				CLANG_WARN_EMPTY_BODY = YES;
				CLANG_WARN_ENUM_CONVERSION = YES;
				CLANG_WARN_INFINITE_RECURSION = YES;
				CLANG_WARN_INT_CONVERSION = YES;
				CLANG_WARN_NON_LITERAL_NULL_CONVERSION = YES;
				CLANG_WARN_OBJC_IMPLICIT_RETAIN_SELF = YES;
				CLANG_WARN_OBJC_LITERAL_CONVERSION = YES;
				CLANG_WARN_OBJC_ROOT_CLASS = YES_ERROR;
				CLANG_WARN_QUOTED_INCLUDE_IN_FRAMEWORK_HEADER = YES;
				CLANG_WARN_RANGE_LOOP_ANALYSIS = YES;
				CLANG_WARN_STRICT_PROTOTYPES = YES;
				CLANG_WARN_SUSPICIOUS_MOVE = YES;
				CLANG_WARN_UNGUARDED_AVAILABILITY = YES_AGGRESSIVE;
				CLANG_WARN_UNREACHABLE_CODE = YES;
				CLANG_WARN__DUPLICATE_METHOD_MATCH = YES;
				COPY_PHASE_STRIP = NO;
				DEBUG_INFORMATION_FORMAT = dwarf;
				ENABLE_STRICT_OBJC_MSGSEND = YES;
				ENABLE_TESTABILITY = YES;
				EXCLUDED_ARCHS = x86_64;
				GCC_C_LANGUAGE_STANDARD = gnu11;
				GCC_DYNAMIC_NO_PIC = NO;
				GCC_NO_COMMON_BLOCKS = YES;
				GCC_OPTIMIZATION_LEVEL = 0;
				GCC_PREPROCESSOR_DEFINITIONS = (
					"DEBUG=1",
					"$(inherited)",
				);
				GCC_WARN_64_TO_32_BIT_CONVERSION = YES;
				GCC_WARN_ABOUT_RETURN_TYPE = YES_ERROR;
				GCC_WARN_UNDECLARED_SELECTOR = YES;
				GCC_WARN_UNINITIALIZED_AUTOS = YES_AGGRESSIVE;
				GCC_WARN_UNUSED_FUNCTION = YES;
				GCC_WARN_UNUSED_VARIABLE = YES;
				MACOSX_DEPLOYMENT_TARGET = 13.3;
				MTL_ENABLE_DEBUG_INFO = INCLUDE_SOURCE;
				MTL_FAST_MATH = YES;
				ONLY_ACTIVE_ARCH = YES;
				SDKROOT = macosx;
				SWIFT_ACTIVE_COMPILATION_CONDITIONS = DEBUG;
				SWIFT_OPTIMIZATION_LEVEL = "-Onone";
			};
			name = Debug;
		};
		C385C9422A8094A8007312AC /* Release */ = {
			isa = XCBuildConfiguration;
			buildSettings = {
				ALWAYS_SEARCH_USER_PATHS = NO;
				CLANG_ANALYZER_NONNULL = YES;
				CLANG_ANALYZER_NUMBER_OBJECT_CONVERSION = YES_AGGRESSIVE;
				CLANG_CXX_LANGUAGE_STANDARD = "gnu++20";
				CLANG_ENABLE_MODULES = YES;
				CLANG_ENABLE_OBJC_ARC = YES;
				CLANG_ENABLE_OBJC_WEAK = YES;
				CLANG_WARN_BLOCK_CAPTURE_AUTORELEASING = YES;
				CLANG_WARN_BOOL_CONVERSION = YES;
				CLANG_WARN_COMMA = YES;
				CLANG_WARN_CONSTANT_CONVERSION = YES;
				CLANG_WARN_DEPRECATED_OBJC_IMPLEMENTATIONS = YES;
				CLANG_WARN_DIRECT_OBJC_ISA_USAGE = YES_ERROR;
				CLANG_WARN_DOCUMENTATION_COMMENTS = YES;
				CLANG_WARN_EMPTY_BODY = YES;
				CLANG_WARN_ENUM_CONVERSION = YES;
				CLANG_WARN_INFINITE_RECURSION = YES;
				CLANG_WARN_INT_CONVERSION = YES;
				CLANG_WARN_NON_LITERAL_NULL_CONVERSION = YES;
				CLANG_WARN_OBJC_IMPLICIT_RETAIN_SELF = YES;
				CLANG_WARN_OBJC_LITERAL_CONVERSION = YES;
				CLANG_WARN_OBJC_ROOT_CLASS = YES_ERROR;
				CLANG_WARN_QUOTED_INCLUDE_IN_FRAMEWORK_HEADER = YES;
				CLANG_WARN_RANGE_LOOP_ANALYSIS = YES;
				CLANG_WARN_STRICT_PROTOTYPES = YES;
				CLANG_WARN_SUSPICIOUS_MOVE = YES;
				CLANG_WARN_UNGUARDED_AVAILABILITY = YES_AGGRESSIVE;
				CLANG_WARN_UNREACHABLE_CODE = YES;
				CLANG_WARN__DUPLICATE_METHOD_MATCH = YES;
				COPY_PHASE_STRIP = NO;
				DEBUG_INFORMATION_FORMAT = "dwarf-with-dsym";
				ENABLE_NS_ASSERTIONS = NO;
				ENABLE_STRICT_OBJC_MSGSEND = YES;
				EXCLUDED_ARCHS = x86_64;
				GCC_C_LANGUAGE_STANDARD = gnu11;
				GCC_NO_COMMON_BLOCKS = YES;
				GCC_WARN_64_TO_32_BIT_CONVERSION = YES;
				GCC_WARN_ABOUT_RETURN_TYPE = YES_ERROR;
				GCC_WARN_UNDECLARED_SELECTOR = YES;
				GCC_WARN_UNINITIALIZED_AUTOS = YES_AGGRESSIVE;
				GCC_WARN_UNUSED_FUNCTION = YES;
				GCC_WARN_UNUSED_VARIABLE = YES;
				MACOSX_DEPLOYMENT_TARGET = 13.3;
				MTL_ENABLE_DEBUG_INFO = NO;
				MTL_FAST_MATH = YES;
				SDKROOT = macosx;
				SWIFT_COMPILATION_MODE = wholemodule;
				SWIFT_OPTIMIZATION_LEVEL = "-O";
			};
			name = Release;
		};
		C385C9442A8094A8007312AC /* Debug */ = {
			isa = XCBuildConfiguration;
			buildSettings = {
				CODE_SIGN_STYLE = Automatic;
				DEVELOPMENT_TEAM = CMN6WMSZ7F;
				ENABLE_HARDENED_RUNTIME = YES;
				PRODUCT_NAME = "$(TARGET_NAME)";
				SWIFT_OBJC_BRIDGING_HEADER = "ddccli/Bridging-Header.h";
				SWIFT_VERSION = 5.0;
			};
			name = Debug;
		};
		C385C9452A8094A8007312AC /* Release */ = {
			isa = XCBuildConfiguration;
			buildSettings = {
				CODE_SIGN_STYLE = Automatic;
				DEVELOPMENT_TEAM = CMN6WMSZ7F;
				ENABLE_HARDENED_RUNTIME = YES;
				PRODUCT_NAME = "$(TARGET_NAME)";
				SWIFT_OBJC_BRIDGING_HEADER = "ddccli/Bridging-Header.h";
				SWIFT_VERSION = 5.0;
			};
			name = Release;
		};
/* End XCBuildConfiguration section */

/* Begin XCConfigurationList section */
		C385C9372A8094A8007312AC /* Build configuration list for PBXProject "ddccli" */ = {
			isa = XCConfigurationList;
			buildConfigurations = (
				C385C9412A8094A8007312AC /* Debug */,
				C385C9422A8094A8007312AC /* Release */,
			);
			defaultConfigurationIsVisible = 0;
			defaultConfigurationName = Release;
		};
		C385C9432A8094A8007312AC /* Build configuration list for PBXNativeTarget "ddccli" */ = {
			isa = XCConfigurationList;
			buildConfigurations = (
				C385C9442A8094A8007312AC /* Debug */,
				C385C9452A8094A8007312AC /* Release */,
			);
			defaultConfigurationIsVisible = 0;
			defaultConfigurationName = Release;
		};
/* End XCConfigurationList section */

/* Begin XCRemoteSwiftPackageReference section */
		C385C9582A80D34F007312AC /* XCRemoteSwiftPackageReference "swift-argument-parser" */ = {
			isa = XCRemoteSwiftPackageReference;
			repositoryURL = "https://github.com/apple/swift-argument-parser.git";
			requirement = {
				kind = upToNextMajorVersion;
				minimumVersion = 1.0.0;
			};
		};
/* End XCRemoteSwiftPackageReference section */

/* Begin XCSwiftPackageProductDependency section */
		C385C9592A80D34F007312AC /* ArgumentParser */ = {
			isa = XCSwiftPackageProductDependency;
			package = C385C9582A80D34F007312AC /* XCRemoteSwiftPackageReference "swift-argument-parser" */;
			productName = ArgumentParser;
		};
/* End XCSwiftPackageProductDependency section */
	};
	rootObject = C385C9342A8094A8007312AC /* Project object */;
}
